
Microsoft Visual Studio Solution File, Format Version 12.00
# Visual Studio Version 17
VisualStudioVersion = 17.7.34221.43
MinimumVisualStudioVersion = 10.0.40219.1
Project("{8BC9CEB8-8B4A-11D0-8D11-00A0C91BC942}") = "EchoClient", "EchoClient\EchoClient.vcxproj", "{5D0AE76E-4D69-49BA-8B48-5822712B67CD}"
EndProject
Project("{8BC9CEB8-8B4A-11D0-8D11-00A0C91BC942}") = "002_EchoServer", "EchoServer\EchoServer.vcxproj", "{E590F0BE-2DD0-4E8A-BFD6-41D836B2702B}"
EndProject
Project("{8BC9CEB8-8B4A-11D0-8D11-00A0C91BC942}") = "003_AsyncClient", "003_AsyncClient\003_AsyncClient.vcxproj", "{724EA072-8C38-4E0E-A343-CD99F2B45B65}"
EndProject
Project("{8BC9CEB8-8B4A-11D0-8D11-00A0C91BC942}") = "004_AsyncServer", "004_AsyncServer\004_AsyncServer.vcxproj", "{307A074B-4C4E-45E2-A313-606EA5A365AD}"
EndProject
Project("{8BC9CEB8-8B4A-11D0-8D11-00A0C91BC942}") = "Testtxt", "Testtxt\Testtxt.vcxproj", "{79F848EF-1953-4E08-9B5D-DE8032666AA9}"
EndProject
Project("{8BC9CEB8-8B4A-11D0-8D11-00A0C91BC942}") = "ChatClient", "ChatClient\ChatClient.vcxproj", "{E3E1A583-57BE-4E28-A8FA-93BD1C647210}"
EndProject
Project("{8BC9CEB8-8B4A-11D0-8D11-00A0C91BC942}") = "ChatServer", "ChatServer\ChatServer.vcxproj", "{4572D9AA-D926-4621-8F21-3BA4DFE5A1A8}"
EndProject
Project("{8BC9CEB8-8B4A-11D0-8D11-00A0C91BC942}") = "Strand", "Strand\Strand.vcxproj", "{239FDAD3-7221-42F8-931C-17F0AE213D91}"
EndProject
Project("{8BC9CEB8-8B4A-11D0-8D11-00A0C91BC942}") = "Protobuf", "Protobuf\Protobuf.vcxproj", "{3C1C8C4A-47E9-4023-BD0D-2F14E1D81610}"
EndProject
Project("{8BC9CEB8-8B4A-11D0-8D11-00A0C91BC942}") = "Asio4", "Asio4\Asio4.vcxproj", "{BC665D80-6F92-4147-B179-E756CFF79873}"
EndProject
Global
	GlobalSection(SolutionConfigurationPlatforms) = preSolution
		Debug|x64 = Debug|x64
		Debug|x86 = Debug|x86
		Release|x64 = Release|x64
		Release|x86 = Release|x86
	EndGlobalSection
	GlobalSection(ProjectConfigurationPlatforms) = postSolution
		{5D0AE76E-4D69-49BA-8B48-5822712B67CD}.Debug|x64.ActiveCfg = Debug|x64
		{5D0AE76E-4D69-49BA-8B48-5822712B67CD}.Debug|x64.Build.0 = Debug|x64
		{5D0AE76E-4D69-49BA-8B48-5822712B67CD}.Debug|x86.ActiveCfg = Debug|Win32
		{5D0AE76E-4D69-49BA-8B48-5822712B67CD}.Debug|x86.Build.0 = Debug|Win32
		{5D0AE76E-4D69-49BA-8B48-5822712B67CD}.Release|x64.ActiveCfg = Release|x64
		{5D0AE76E-4D69-49BA-8B48-5822712B67CD}.Release|x64.Build.0 = Release|x64
		{5D0AE76E-4D69-49BA-8B48-5822712B67CD}.Release|x86.ActiveCfg = Release|Win32
		{5D0AE76E-4D69-49BA-8B48-5822712B67CD}.Release|x86.Build.0 = Release|Win32
		{E590F0BE-2DD0-4E8A-BFD6-41D836B2702B}.Debug|x64.ActiveCfg = Debug|x64
		{E590F0BE-2DD0-4E8A-BFD6-41D836B2702B}.Debug|x64.Build.0 = Debug|x64
		{E590F0BE-2DD0-4E8A-BFD6-41D836B2702B}.Debug|x86.ActiveCfg = Debug|Win32
		{E590F0BE-2DD0-4E8A-BFD6-41D836B2702B}.Debug|x86.Build.0 = Debug|Win32
		{E590F0BE-2DD0-4E8A-BFD6-41D836B2702B}.Release|x64.ActiveCfg = Release|x64
		{E590F0BE-2DD0-4E8A-BFD6-41D836B2702B}.Release|x64.Build.0 = Release|x64
		{E590F0BE-2DD0-4E8A-BFD6-41D836B2702B}.Release|x86.ActiveCfg = Release|Win32
		{E590F0BE-2DD0-4E8A-BFD6-41D836B2702B}.Release|x86.Build.0 = Release|Win32
		{724EA072-8C38-4E0E-A343-CD99F2B45B65}.Debug|x64.ActiveCfg = Debug|x64
		{724EA072-8C38-4E0E-A343-CD99F2B45B65}.Debug|x64.Build.0 = Debug|x64
		{724EA072-8C38-4E0E-A343-CD99F2B45B65}.Debug|x86.ActiveCfg = Debug|Win32
		{724EA072-8C38-4E0E-A343-CD99F2B45B65}.Debug|x86.Build.0 = Debug|Win32
		{724EA072-8C38-4E0E-A343-CD99F2B45B65}.Release|x64.ActiveCfg = Release|x64
		{724EA072-8C38-4E0E-A343-CD99F2B45B65}.Release|x64.Build.0 = Release|x64
		{724EA072-8C38-4E0E-A343-CD99F2B45B65}.Release|x86.ActiveCfg = Release|Win32
		{724EA072-8C38-4E0E-A343-CD99F2B45B65}.Release|x86.Build.0 = Release|Win32
		{307A074B-4C4E-45E2-A313-606EA5A365AD}.Debug|x64.ActiveCfg = Debug|x64
		{307A074B-4C4E-45E2-A313-606EA5A365AD}.Debug|x64.Build.0 = Debug|x64
		{307A074B-4C4E-45E2-A313-606EA5A365AD}.Debug|x86.ActiveCfg = Debug|Win32
		{307A074B-4C4E-45E2-A313-606EA5A365AD}.Debug|x86.Build.0 = Debug|Win32
		{307A074B-4C4E-45E2-A313-606EA5A365AD}.Release|x64.ActiveCfg = Release|x64
		{307A074B-4C4E-45E2-A313-606EA5A365AD}.Release|x64.Build.0 = Release|x64
		{307A074B-4C4E-45E2-A313-606EA5A365AD}.Release|x86.ActiveCfg = Release|Win32
		{307A074B-4C4E-45E2-A313-606EA5A365AD}.Release|x86.Build.0 = Release|Win32
		{79F848EF-1953-4E08-9B5D-DE8032666AA9}.Debug|x64.ActiveCfg = Debug|x64
		{79F848EF-1953-4E08-9B5D-DE8032666AA9}.Debug|x64.Build.0 = Debug|x64
		{79F848EF-1953-4E08-9B5D-DE8032666AA9}.Debug|x86.ActiveCfg = Debug|Win32
		{79F848EF-1953-4E08-9B5D-DE8032666AA9}.Debug|x86.Build.0 = Debug|Win32
		{79F848EF-1953-4E08-9B5D-DE8032666AA9}.Release|x64.ActiveCfg = Release|x64
		{79F848EF-1953-4E08-9B5D-DE8032666AA9}.Release|x64.Build.0 = Release|x64
		{79F848EF-1953-4E08-9B5D-DE8032666AA9}.Release|x86.ActiveCfg = Release|Win32
		{79F848EF-1953-4E08-9B5D-DE8032666AA9}.Release|x86.Build.0 = Release|Win32
		{E3E1A583-57BE-4E28-A8FA-93BD1C647210}.Debug|x64.ActiveCfg = Debug|x64
		{E3E1A583-57BE-4E28-A8FA-93BD1C647210}.Debug|x64.Build.0 = Debug|x64
		{E3E1A583-57BE-4E28-A8FA-93BD1C647210}.Debug|x86.ActiveCfg = Debug|Win32
		{E3E1A583-57BE-4E28-A8FA-93BD1C647210}.Debug|x86.Build.0 = Debug|Win32
		{E3E1A583-57BE-4E28-A8FA-93BD1C647210}.Release|x64.ActiveCfg = Release|x64
		{E3E1A583-57BE-4E28-A8FA-93BD1C647210}.Release|x64.Build.0 = Release|x64
		{E3E1A583-57BE-4E28-A8FA-93BD1C647210}.Release|x86.ActiveCfg = Release|Win32
		{E3E1A583-57BE-4E28-A8FA-93BD1C647210}.Release|x86.Build.0 = Release|Win32
		{4572D9AA-D926-4621-8F21-3BA4DFE5A1A8}.Debug|x64.ActiveCfg = Debug|x64
		{4572D9AA-D926-4621-8F21-3BA4DFE5A1A8}.Debug|x64.Build.0 = Debug|x64
		{4572D9AA-D926-4621-8F21-3BA4DFE5A1A8}.Debug|x86.ActiveCfg = Debug|Win32
		{4572D9AA-D926-4621-8F21-3BA4DFE5A1A8}.Debug|x86.Build.0 = Debug|Win32
		{4572D9AA-D926-4621-8F21-3BA4DFE5A1A8}.Release|x64.ActiveCfg = Release|x64
		{4572D9AA-D926-4621-8F21-3BA4DFE5A1A8}.Release|x64.Build.0 = Release|x64
		{4572D9AA-D926-4621-8F21-3BA4DFE5A1A8}.Release|x86.ActiveCfg = Release|Win32
		{4572D9AA-D926-4621-8F21-3BA4DFE5A1A8}.Release|x86.Build.0 = Release|Win32
		{239FDAD3-7221-42F8-931C-17F0AE213D91}.Debug|x64.ActiveCfg = Debug|x64
		{239FDAD3-7221-42F8-931C-17F0AE213D91}.Debug|x64.Build.0 = Debug|x64
		{239FDAD3-7221-42F8-931C-17F0AE213D91}.Debug|x86.ActiveCfg = Debug|Win32
		{239FDAD3-7221-42F8-931C-17F0AE213D91}.Debug|x86.Build.0 = Debug|Win32
		{239FDAD3-7221-42F8-931C-17F0AE213D91}.Release|x64.ActiveCfg = Release|x64
		{239FDAD3-7221-42F8-931C-17F0AE213D91}.Release|x64.Build.0 = Release|x64
		{239FDAD3-7221-42F8-931C-17F0AE213D91}.Release|x86.ActiveCfg = Release|Win32
		{239FDAD3-7221-42F8-931C-17F0AE213D91}.Release|x86.Build.0 = Release|Win32
		{3C1C8C4A-47E9-4023-BD0D-2F14E1D81610}.Debug|x64.ActiveCfg = Debug|x64
		{3C1C8C4A-47E9-4023-BD0D-2F14E1D81610}.Debug|x64.Build.0 = Debug|x64
		{3C1C8C4A-47E9-4023-BD0D-2F14E1D81610}.Debug|x86.ActiveCfg = Debug|Win32
		{3C1C8C4A-47E9-4023-BD0D-2F14E1D81610}.Debug|x86.Build.0 = Debug|Win32
		{3C1C8C4A-47E9-4023-BD0D-2F14E1D81610}.Release|x64.ActiveCfg = Release|x64
		{3C1C8C4A-47E9-4023-BD0D-2F14E1D81610}.Release|x64.Build.0 = Release|x64
		{3C1C8C4A-47E9-4023-BD0D-2F14E1D81610}.Release|x86.ActiveCfg = Release|Win32
		{3C1C8C4A-47E9-4023-BD0D-2F14E1D81610}.Release|x86.Build.0 = Release|Win32
		{BC665D80-6F92-4147-B179-E756CFF79873}.Debug|x64.ActiveCfg = Debug|x64
		{BC665D80-6F92-4147-B179-E756CFF79873}.Debug|x64.Build.0 = Debug|x64
		{BC665D80-6F92-4147-B179-E756CFF79873}.Debug|x86.ActiveCfg = Debug|Win32
		{BC665D80-6F92-4147-B179-E756CFF79873}.Debug|x86.Build.0 = Debug|Win32
		{BC665D80-6F92-4147-B179-E756CFF79873}.Release|x64.ActiveCfg = Release|x64
		{BC665D80-6F92-4147-B179-E756CFF79873}.Release|x64.Build.0 = Release|x64
		{BC665D80-6F92-4147-B179-E756CFF79873}.Release|x86.ActiveCfg = Release|Win32
		{BC665D80-6F92-4147-B179-E756CFF79873}.Release|x86.Build.0 = Release|Win32
	EndGlobalSection
	GlobalSection(SolutionProperties) = preSolution
		HideSolutionNode = FALSE
	EndGlobalSection
	GlobalSection(ExtensibilityGlobals) = postSolution
		SolutionGuid = {3C8E0B9F-B7CE-4B95-94C0-74CAE8D4673A}
	EndGlobalSection
EndGlobal
